
Microsoft Visual Studio Solution File, Format Version 12.00
# Visual Studio Version 17
VisualStudioVersion = 17.6.33829.357
MinimumVisualStudioVersion = 10.0.40219.1
Project("{9A19103F-16F7-4668-BE54-9A1E7A4F7556}") = "BethanysPieShopHRM.APP", "BethanysPieShopHRM.APP\BethanysPieShopHRM.APP.csproj", "{21BCE0A8-9047-4B24-AC30-7D878D5A242E}"
EndProject
Project("{9A19103F-16F7-4668-BE54-9A1E7A4F7556}") = "BethanysPieShopHRM.Shared", "BethanysPieShopHRM.Shared\BethanysPieShopHRM.Shared.csproj", "{18E8D28D-DCD5-4801-A2B1-ED6FB92E78FF}"
EndProject
Project("{9A19103F-16F7-4668-BE54-9A1E7A4F7556}") = "BethanysPieShopHRM.Api", "BethanysPieShopHRM.Api\BethanysPieShopHRM.Api.csproj", "{B6E92905-AB92-422E-B1E3-B4F85F20EFB7}"
EndProject
Project("{9A19103F-16F7-4668-BE54-9A1E7A4F7556}") = "BethanysPieShopHRM.ComponentsLibrary", "BethanysPieShopHRM.ComponentsLibrary\BethanysPieShopHRM.ComponentsLibrary.csproj", "{C327825C-0538-4116-9CF4-7B1104236170}"
EndProject
Project("{9A19103F-16F7-4668-BE54-9A1E7A4F7556}") = "BethanysPieShopHRM.APP.Tests", "BethanysPieShopHRM.App.Tests\BethanysPieShopHRM.APP.Tests.csproj", "{E6D3A81D-62BB-4A52-8E55-1E5246922690}"
EndProject
Global
	GlobalSection(SolutionConfigurationPlatforms) = preSolution
		Debug|Any CPU = Debug|Any CPU
		Release|Any CPU = Release|Any CPU
	EndGlobalSection
	GlobalSection(ProjectConfigurationPlatforms) = postSolution
		{21BCE0A8-9047-4B24-AC30-7D878D5A242E}.Debug|Any CPU.ActiveCfg = Debug|Any CPU
		{21BCE0A8-9047-4B24-AC30-7D878D5A242E}.Debug|Any CPU.Build.0 = Debug|Any CPU
		{21BCE0A8-9047-4B24-AC30-7D878D5A242E}.Release|Any CPU.ActiveCfg = Release|Any CPU
		{21BCE0A8-9047-4B24-AC30-7D878D5A242E}.Release|Any CPU.Build.0 = Release|Any CPU
		{18E8D28D-DCD5-4801-A2B1-ED6FB92E78FF}.Debug|Any CPU.ActiveCfg = Debug|Any CPU
		{18E8D28D-DCD5-4801-A2B1-ED6FB92E78FF}.Debug|Any CPU.Build.0 = Debug|Any CPU
		{18E8D28D-DCD5-4801-A2B1-ED6FB92E78FF}.Release|Any CPU.ActiveCfg = Release|Any CPU
		{18E8D28D-DCD5-4801-A2B1-ED6FB92E78FF}.Release|Any CPU.Build.0 = Release|Any CPU
		{B6E92905-AB92-422E-B1E3-B4F85F20EFB7}.Debug|Any CPU.ActiveCfg = Debug|Any CPU
		{B6E92905-AB92-422E-B1E3-B4F85F20EFB7}.Debug|Any CPU.Build.0 = Debug|Any CPU
		{B6E92905-AB92-422E-B1E3-B4F85F20EFB7}.Release|Any CPU.ActiveCfg = Release|Any CPU
		{B6E92905-AB92-422E-B1E3-B4F85F20EFB7}.Release|Any CPU.Build.0 = Release|Any CPU
		{C327825C-0538-4116-9CF4-7B1104236170}.Debug|Any CPU.ActiveCfg = Debug|Any CPU
		{C327825C-0538-4116-9CF4-7B1104236170}.Debug|Any CPU.Build.0 = Debug|Any CPU
		{C327825C-0538-4116-9CF4-7B1104236170}.Release|Any CPU.ActiveCfg = Release|Any CPU
		{C327825C-0538-4116-9CF4-7B1104236170}.Release|Any CPU.Build.0 = Release|Any CPU
		{E6D3A81D-62BB-4A52-8E55-1E5246922690}.Debug|Any CPU.ActiveCfg = Debug|Any CPU
		{E6D3A81D-62BB-4A52-8E55-1E5246922690}.Debug|Any CPU.Build.0 = Debug|Any CPU
		{E6D3A81D-62BB-4A52-8E55-1E5246922690}.Release|Any CPU.ActiveCfg = Release|Any CPU
		{E6D3A81D-62BB-4A52-8E55-1E5246922690}.Release|Any CPU.Build.0 = Release|Any CPU
	EndGlobalSection
	GlobalSection(SolutionProperties) = preSolution
		HideSolutionNode = FALSE
	EndGlobalSection
	GlobalSection(ExtensibilityGlobals) = postSolution
		SolutionGuid = {D6C947C5-5A69-4178-9648-240020925012}
	EndGlobalSection
EndGlobal
